
Microsoft Visual Studio Solution File, Format Version 12.00
# Visual Studio Version 17
VisualStudioVersion = 17.2.32516.85
MinimumVisualStudioVersion = 10.0.40219.1
Project("{FAE04EC0-301F-11D3-BF4B-00C04F79EFBC}") = "Clase 9 Ejercicio 1", "Clase 9 Ejercicio 1.csproj", "{8340336F-EA39-4527-9331-212883DF32E9}"
EndProject
Global
	GlobalSection(SolutionConfigurationPlatforms) = preSolution
		Debug|Any CPU = Debug|Any CPU
		Release|Any CPU = Release|Any CPU
	EndGlobalSection
	GlobalSection(ProjectConfigurationPlatforms) = postSolution
		{8340336F-EA39-4527-9331-212883DF32E9}.Debug|Any CPU.ActiveCfg = Debug|Any CPU
		{8340336F-EA39-4527-9331-212883DF32E9}.Debug|Any CPU.Build.0 = Debug|Any CPU
		{8340336F-EA39-4527-9331-212883DF32E9}.Release|Any CPU.ActiveCfg = Release|Any CPU
		{8340336F-EA39-4527-9331-212883DF32E9}.Release|Any CPU.Build.0 = Release|Any CPU
	EndGlobalSection
	GlobalSection(SolutionProperties) = preSolution
		HideSolutionNode = FALSE
	EndGlobalSection
	GlobalSection(ExtensibilityGlobals) = postSolution
		SolutionGuid = {227A4992-D3A1-4BF3-98EB-D1F0B99AF2FD}
	EndGlobalSection
EndGlobal
